
Microsoft Visual Studio Solution File, Format Version 12.00
# Visual Studio Version 17
VisualStudioVersion = 17.10.35004.147
MinimumVisualStudioVersion = 10.0.40219.1
Project("{FAE04EC0-301F-11D3-BF4B-00C04F79EFBC}") = "Management", "Management\Management.csproj", "{D9E680CA-2742-4160-AF28-1B8F950ECFDA}"
EndProject
Global
	GlobalSection(SolutionConfigurationPlatforms) = preSolution
		Debug|Any CPU = Debug|Any CPU
		Release|Any CPU = Release|Any CPU
	EndGlobalSection
	GlobalSection(ProjectConfigurationPlatforms) = postSolution
		{D9E680CA-2742-4160-AF28-1B8F950ECFDA}.Debug|Any CPU.ActiveCfg = Debug|Any CPU
		{D9E680CA-2742-4160-AF28-1B8F950ECFDA}.Debug|Any CPU.Build.0 = Debug|Any CPU
		{D9E680CA-2742-4160-AF28-1B8F950ECFDA}.Release|Any CPU.ActiveCfg = Release|Any CPU
		{D9E680CA-2742-4160-AF28-1B8F950ECFDA}.Release|Any CPU.Build.0 = Release|Any CPU
	EndGlobalSection
	GlobalSection(SolutionProperties) = preSolution
		HideSolutionNode = FALSE
	EndGlobalSection
	GlobalSection(ExtensibilityGlobals) = postSolution
		SolutionGuid = {76EB0E1E-340D-4973-A8FF-281D8A094C6E}
	EndGlobalSection
EndGlobal
